
Microsoft Visual Studio Solution File, Format Version 12.00
# Visual Studio Version 17
VisualStudioVersion = 17.1.32319.34
MinimumVisualStudioVersion = 10.0.40219.1
Project("{9A19103F-16F7-4668-BE54-9A1E7A4F7556}") = "HomeCare.WebApi", "HomeCare.WebApi\HomeCare.WebApi.csproj", "{24B20DA6-86F6-42E9-AAC5-EB626539B899}"
EndProject
Project("{9A19103F-16F7-4668-BE54-9A1E7A4F7556}") = "HomeCare.Domain", "HomeCare.Domain\HomeCare.Domain.csproj", "{EC445670-3841-4175-B3B9-116FCD1EC11B}"
EndProject
Project("{2150E333-8FDC-42A3-9474-1A3956D46DE8}") = "0. Domain", "0. Domain", "{58AD69AD-E992-4091-83EC-5568A49E5C8C}"
EndProject
Project("{2150E333-8FDC-42A3-9474-1A3956D46DE8}") = "1. Infrastructure", "1. Infrastructure", "{8DCFFFF9-9344-42F0-852A-CC80C2649DAE}"
EndProject
Project("{2150E333-8FDC-42A3-9474-1A3956D46DE8}") = "2. AppServices", "2. AppServices", "{BAC5953D-6E8D-407A-B7DD-8F4865E582FB}"
EndProject
Project("{9A19103F-16F7-4668-BE54-9A1E7A4F7556}") = "HomeCare.Data.InMemory", "HomeCare.Data\HomeCare.Data.InMemory.csproj", "{99BC0D05-0CA3-42C9-AA1F-B6AD12482717}"
EndProject
Project("{2150E333-8FDC-42A3-9474-1A3956D46DE8}") = "1.3. Integrations", "1.3. Integrations", "{542BDB44-BAAD-4CF2-971B-2A449D99E05F}"
EndProject
Project("{2150E333-8FDC-42A3-9474-1A3956D46DE8}") = "1.2. Persistence", "1.2. Persistence", "{197D5928-8802-42FC-8A73-15552C4D382E}"
EndProject
Project("{9A19103F-16F7-4668-BE54-9A1E7A4F7556}") = "HomeCare.PayPal", "HomeCare.PayPal\HomeCare.PayPal.csproj", "{42DBFE1D-C448-49AF-BA8C-393881E3724A}"
EndProject
Project("{9A19103F-16F7-4668-BE54-9A1E7A4F7556}") = "HomeCare.SendGrid", "HomeCare.SendGrid\HomeCare.SendGrid.csproj", "{9F45FDFD-DA9B-4FDA-BBE6-83CB39310B59}"
EndProject
Project("{2150E333-8FDC-42A3-9474-1A3956D46DE8}") = "1.1. Cross Cutting", "1.1. Cross Cutting", "{306E31C2-0A88-4404-847A-A65F26365204}"
EndProject
Project("{9A19103F-16F7-4668-BE54-9A1E7A4F7556}") = "HomeCare.RabbitMQ", "HomeCare.RabbitMQ\HomeCare.RabbitMQ.csproj", "{4AD55860-818D-412F-B9E8-06BB9159CB8C}"
EndProject
Project("{9A19103F-16F7-4668-BE54-9A1E7A4F7556}") = "HomeCare.Common", "HomeCare.Common\HomeCare.Common.csproj", "{02B85B8F-57AE-4E98-9518-4EE6F953EC6D}"
EndProject
Project("{9A19103F-16F7-4668-BE54-9A1E7A4F7556}") = "HomeCare.IoC", "HomeCare.IoC\HomeCare.IoC.csproj", "{E6A752A1-CA3F-471D-95DC-948F80670F65}"
EndProject
Project("{2150E333-8FDC-42A3-9474-1A3956D46DE8}") = "3. Tests", "3. Tests", "{E4EF2DAB-9D3B-4635-82F0-EA32EB974126}"
EndProject
Project("{9A19103F-16F7-4668-BE54-9A1E7A4F7556}") = "HomeCare.Domain.Tests", "HomeCare.Domain.Tests\HomeCare.Domain.Tests.csproj", "{DEC49A4C-F72F-408A-951D-D0B92ED973F0}"
EndProject
Project("{9A19103F-16F7-4668-BE54-9A1E7A4F7556}") = "HomeCare.SendGrid.Tests", "HomeCare.Integrations.Tests\HomeCare.SendGrid.Tests.csproj", "{8010F992-E7D5-4E94-A4D7-4279DBE2404A}"
EndProject
Project("{9A19103F-16F7-4668-BE54-9A1E7A4F7556}") = "HomeCare.WebApi.Suppliers", "HomeCare.WebApi.Suppliers\HomeCare.WebApi.Suppliers.csproj", "{2701ABFE-521C-4950-87EB-96168E0D72A9}"
EndProject
Project("{9A19103F-16F7-4668-BE54-9A1E7A4F7556}") = "HomeCare.WebApi.Clients", "HomeCare.WebApi.Clients\HomeCare.WebApi.Clients.csproj", "{F69E37D2-C4F5-419D-8218-2DBE79EB12DA}"
EndProject
Project("{9A19103F-16F7-4668-BE54-9A1E7A4F7556}") = "HomeCare.WebApi.Contracts", "HomeCare.WebApi.Contracts\HomeCare.WebApi.Contracts.csproj", "{58D118A2-EA0A-47D4-B4C7-DA712483D5A0}"
EndProject
Project("{9A19103F-16F7-4668-BE54-9A1E7A4F7556}") = "HomeCare.WebApi.Payments", "HomeCare.WebApi.Payments\HomeCare.WebApi.Payments.csproj", "{12E8442B-689E-490B-8034-3B5F58B4FF83}"
EndProject
Project("{9A19103F-16F7-4668-BE54-9A1E7A4F7556}") = "HomeCare.Worker", "HomeCare.Worker\HomeCare.Worker.csproj", "{2F13254B-E72F-4B32-992A-CFFA49372C84}"
EndProject
Global
	GlobalSection(SolutionConfigurationPlatforms) = preSolution
		Debug|Any CPU = Debug|Any CPU
		Release|Any CPU = Release|Any CPU
	EndGlobalSection
	GlobalSection(ProjectConfigurationPlatforms) = postSolution
		{24B20DA6-86F6-42E9-AAC5-EB626539B899}.Debug|Any CPU.ActiveCfg = Debug|Any CPU
		{24B20DA6-86F6-42E9-AAC5-EB626539B899}.Debug|Any CPU.Build.0 = Debug|Any CPU
		{24B20DA6-86F6-42E9-AAC5-EB626539B899}.Release|Any CPU.ActiveCfg = Release|Any CPU
		{24B20DA6-86F6-42E9-AAC5-EB626539B899}.Release|Any CPU.Build.0 = Release|Any CPU
		{EC445670-3841-4175-B3B9-116FCD1EC11B}.Debug|Any CPU.ActiveCfg = Debug|Any CPU
		{EC445670-3841-4175-B3B9-116FCD1EC11B}.Debug|Any CPU.Build.0 = Debug|Any CPU
		{EC445670-3841-4175-B3B9-116FCD1EC11B}.Release|Any CPU.ActiveCfg = Release|Any CPU
		{EC445670-3841-4175-B3B9-116FCD1EC11B}.Release|Any CPU.Build.0 = Release|Any CPU
		{99BC0D05-0CA3-42C9-AA1F-B6AD12482717}.Debug|Any CPU.ActiveCfg = Debug|Any CPU
		{99BC0D05-0CA3-42C9-AA1F-B6AD12482717}.Debug|Any CPU.Build.0 = Debug|Any CPU
		{99BC0D05-0CA3-42C9-AA1F-B6AD12482717}.Release|Any CPU.ActiveCfg = Release|Any CPU
		{99BC0D05-0CA3-42C9-AA1F-B6AD12482717}.Release|Any CPU.Build.0 = Release|Any CPU
		{42DBFE1D-C448-49AF-BA8C-393881E3724A}.Debug|Any CPU.ActiveCfg = Debug|Any CPU
		{42DBFE1D-C448-49AF-BA8C-393881E3724A}.Debug|Any CPU.Build.0 = Debug|Any CPU
		{42DBFE1D-C448-49AF-BA8C-393881E3724A}.Release|Any CPU.ActiveCfg = Release|Any CPU
		{42DBFE1D-C448-49AF-BA8C-393881E3724A}.Release|Any CPU.Build.0 = Release|Any CPU
		{9F45FDFD-DA9B-4FDA-BBE6-83CB39310B59}.Debug|Any CPU.ActiveCfg = Debug|Any CPU
		{9F45FDFD-DA9B-4FDA-BBE6-83CB39310B59}.Debug|Any CPU.Build.0 = Debug|Any CPU
		{9F45FDFD-DA9B-4FDA-BBE6-83CB39310B59}.Release|Any CPU.ActiveCfg = Release|Any CPU
		{9F45FDFD-DA9B-4FDA-BBE6-83CB39310B59}.Release|Any CPU.Build.0 = Release|Any CPU
		{4AD55860-818D-412F-B9E8-06BB9159CB8C}.Debug|Any CPU.ActiveCfg = Debug|Any CPU
		{4AD55860-818D-412F-B9E8-06BB9159CB8C}.Debug|Any CPU.Build.0 = Debug|Any CPU
		{4AD55860-818D-412F-B9E8-06BB9159CB8C}.Release|Any CPU.ActiveCfg = Release|Any CPU
		{4AD55860-818D-412F-B9E8-06BB9159CB8C}.Release|Any CPU.Build.0 = Release|Any CPU
		{02B85B8F-57AE-4E98-9518-4EE6F953EC6D}.Debug|Any CPU.ActiveCfg = Debug|Any CPU
		{02B85B8F-57AE-4E98-9518-4EE6F953EC6D}.Debug|Any CPU.Build.0 = Debug|Any CPU
		{02B85B8F-57AE-4E98-9518-4EE6F953EC6D}.Release|Any CPU.ActiveCfg = Release|Any CPU
		{02B85B8F-57AE-4E98-9518-4EE6F953EC6D}.Release|Any CPU.Build.0 = Release|Any CPU
		{E6A752A1-CA3F-471D-95DC-948F80670F65}.Debug|Any CPU.ActiveCfg = Debug|Any CPU
		{E6A752A1-CA3F-471D-95DC-948F80670F65}.Debug|Any CPU.Build.0 = Debug|Any CPU
		{E6A752A1-CA3F-471D-95DC-948F80670F65}.Release|Any CPU.ActiveCfg = Release|Any CPU
		{E6A752A1-CA3F-471D-95DC-948F80670F65}.Release|Any CPU.Build.0 = Release|Any CPU
		{DEC49A4C-F72F-408A-951D-D0B92ED973F0}.Debug|Any CPU.ActiveCfg = Debug|Any CPU
		{DEC49A4C-F72F-408A-951D-D0B92ED973F0}.Debug|Any CPU.Build.0 = Debug|Any CPU
		{DEC49A4C-F72F-408A-951D-D0B92ED973F0}.Release|Any CPU.ActiveCfg = Release|Any CPU
		{DEC49A4C-F72F-408A-951D-D0B92ED973F0}.Release|Any CPU.Build.0 = Release|Any CPU
		{8010F992-E7D5-4E94-A4D7-4279DBE2404A}.Debug|Any CPU.ActiveCfg = Debug|Any CPU
		{8010F992-E7D5-4E94-A4D7-4279DBE2404A}.Debug|Any CPU.Build.0 = Debug|Any CPU
		{8010F992-E7D5-4E94-A4D7-4279DBE2404A}.Release|Any CPU.ActiveCfg = Release|Any CPU
		{8010F992-E7D5-4E94-A4D7-4279DBE2404A}.Release|Any CPU.Build.0 = Release|Any CPU
		{2701ABFE-521C-4950-87EB-96168E0D72A9}.Debug|Any CPU.ActiveCfg = Debug|Any CPU
		{2701ABFE-521C-4950-87EB-96168E0D72A9}.Debug|Any CPU.Build.0 = Debug|Any CPU
		{2701ABFE-521C-4950-87EB-96168E0D72A9}.Release|Any CPU.ActiveCfg = Release|Any CPU
		{2701ABFE-521C-4950-87EB-96168E0D72A9}.Release|Any CPU.Build.0 = Release|Any CPU
		{F69E37D2-C4F5-419D-8218-2DBE79EB12DA}.Debug|Any CPU.ActiveCfg = Debug|Any CPU
		{F69E37D2-C4F5-419D-8218-2DBE79EB12DA}.Debug|Any CPU.Build.0 = Debug|Any CPU
		{F69E37D2-C4F5-419D-8218-2DBE79EB12DA}.Release|Any CPU.ActiveCfg = Release|Any CPU
		{F69E37D2-C4F5-419D-8218-2DBE79EB12DA}.Release|Any CPU.Build.0 = Release|Any CPU
		{58D118A2-EA0A-47D4-B4C7-DA712483D5A0}.Debug|Any CPU.ActiveCfg = Debug|Any CPU
		{58D118A2-EA0A-47D4-B4C7-DA712483D5A0}.Debug|Any CPU.Build.0 = Debug|Any CPU
		{58D118A2-EA0A-47D4-B4C7-DA712483D5A0}.Release|Any CPU.ActiveCfg = Release|Any CPU
		{58D118A2-EA0A-47D4-B4C7-DA712483D5A0}.Release|Any CPU.Build.0 = Release|Any CPU
		{12E8442B-689E-490B-8034-3B5F58B4FF83}.Debug|Any CPU.ActiveCfg = Debug|Any CPU
		{12E8442B-689E-490B-8034-3B5F58B4FF83}.Debug|Any CPU.Build.0 = Debug|Any CPU
		{12E8442B-689E-490B-8034-3B5F58B4FF83}.Release|Any CPU.ActiveCfg = Release|Any CPU
		{12E8442B-689E-490B-8034-3B5F58B4FF83}.Release|Any CPU.Build.0 = Release|Any CPU
		{2F13254B-E72F-4B32-992A-CFFA49372C84}.Debug|Any CPU.ActiveCfg = Debug|Any CPU
		{2F13254B-E72F-4B32-992A-CFFA49372C84}.Debug|Any CPU.Build.0 = Debug|Any CPU
		{2F13254B-E72F-4B32-992A-CFFA49372C84}.Release|Any CPU.ActiveCfg = Release|Any CPU
		{2F13254B-E72F-4B32-992A-CFFA49372C84}.Release|Any CPU.Build.0 = Release|Any CPU
	EndGlobalSection
	GlobalSection(SolutionProperties) = preSolution
		HideSolutionNode = FALSE
	EndGlobalSection
	GlobalSection(NestedProjects) = preSolution
		{24B20DA6-86F6-42E9-AAC5-EB626539B899} = {BAC5953D-6E8D-407A-B7DD-8F4865E582FB}
		{EC445670-3841-4175-B3B9-116FCD1EC11B} = {58AD69AD-E992-4091-83EC-5568A49E5C8C}
		{99BC0D05-0CA3-42C9-AA1F-B6AD12482717} = {197D5928-8802-42FC-8A73-15552C4D382E}
		{542BDB44-BAAD-4CF2-971B-2A449D99E05F} = {8DCFFFF9-9344-42F0-852A-CC80C2649DAE}
		{197D5928-8802-42FC-8A73-15552C4D382E} = {8DCFFFF9-9344-42F0-852A-CC80C2649DAE}
		{42DBFE1D-C448-49AF-BA8C-393881E3724A} = {542BDB44-BAAD-4CF2-971B-2A449D99E05F}
		{9F45FDFD-DA9B-4FDA-BBE6-83CB39310B59} = {542BDB44-BAAD-4CF2-971B-2A449D99E05F}
		{306E31C2-0A88-4404-847A-A65F26365204} = {8DCFFFF9-9344-42F0-852A-CC80C2649DAE}
		{4AD55860-818D-412F-B9E8-06BB9159CB8C} = {542BDB44-BAAD-4CF2-971B-2A449D99E05F}
		{02B85B8F-57AE-4E98-9518-4EE6F953EC6D} = {306E31C2-0A88-4404-847A-A65F26365204}
		{E6A752A1-CA3F-471D-95DC-948F80670F65} = {306E31C2-0A88-4404-847A-A65F26365204}
		{DEC49A4C-F72F-408A-951D-D0B92ED973F0} = {E4EF2DAB-9D3B-4635-82F0-EA32EB974126}
		{8010F992-E7D5-4E94-A4D7-4279DBE2404A} = {E4EF2DAB-9D3B-4635-82F0-EA32EB974126}
		{2701ABFE-521C-4950-87EB-96168E0D72A9} = {BAC5953D-6E8D-407A-B7DD-8F4865E582FB}
		{F69E37D2-C4F5-419D-8218-2DBE79EB12DA} = {BAC5953D-6E8D-407A-B7DD-8F4865E582FB}
		{58D118A2-EA0A-47D4-B4C7-DA712483D5A0} = {BAC5953D-6E8D-407A-B7DD-8F4865E582FB}
		{12E8442B-689E-490B-8034-3B5F58B4FF83} = {BAC5953D-6E8D-407A-B7DD-8F4865E582FB}
		{2F13254B-E72F-4B32-992A-CFFA49372C84} = {BAC5953D-6E8D-407A-B7DD-8F4865E582FB}
	EndGlobalSection
	GlobalSection(ExtensibilityGlobals) = postSolution
		SolutionGuid = {49B1C684-3D54-403A-8FAE-6698B3097FF6}
	EndGlobalSection
EndGlobal
